
Microsoft Visual Studio Solution File, Format Version 12.00
# Visual Studio Version 17
VisualStudioVersion = 17.9.34701.34
MinimumVisualStudioVersion = 10.0.40219.1
Project("{FAE04EC0-301F-11D3-BF4B-00C04F79EFBC}") = "Practica final PVA", "Practica final PVA\Practica final PVA.csproj", "{10C4C343-D6D1-4E27-A488-EF9DD7BD002A}"
EndProject
Global
	GlobalSection(SolutionConfigurationPlatforms) = preSolution
		Debug|Any CPU = Debug|Any CPU
		Release|Any CPU = Release|Any CPU
	EndGlobalSection
	GlobalSection(ProjectConfigurationPlatforms) = postSolution
		{10C4C343-D6D1-4E27-A488-EF9DD7BD002A}.Debug|Any CPU.ActiveCfg = Debug|Any CPU
		{10C4C343-D6D1-4E27-A488-EF9DD7BD002A}.Debug|Any CPU.Build.0 = Debug|Any CPU
		{10C4C343-D6D1-4E27-A488-EF9DD7BD002A}.Release|Any CPU.ActiveCfg = Release|Any CPU
		{10C4C343-D6D1-4E27-A488-EF9DD7BD002A}.Release|Any CPU.Build.0 = Release|Any CPU
	EndGlobalSection
	GlobalSection(SolutionProperties) = preSolution
		HideSolutionNode = FALSE
	EndGlobalSection
	GlobalSection(ExtensibilityGlobals) = postSolution
		SolutionGuid = {99B0AB70-1D98-4534-A2E4-8042CF98811F}
	EndGlobalSection
EndGlobal
